
Microsoft Visual Studio Solution File, Format Version 12.00
# Visual Studio Version 17
VisualStudioVersion = 17.12.35527.113
MinimumVisualStudioVersion = 10.0.40219.1
Project("{FAE04EC0-301F-11D3-BF4B-00C04F79EFBC}") = "ML.Net Shape Detection", "ML.Net Shape Detection\ML.Net Shape Detection.csproj", "{DB995FAB-308C-45A8-BFBC-18C3DAE93DD5}"
EndProject
Project("{FAE04EC0-301F-11D3-BF4B-00C04F79EFBC}") = "ShapeDetection.API", "ShapreDetection.API\ShapeDetection.API.csproj", "{2BF5109A-0D33-4A2F-874E-5772E6B9CED0}"
EndProject
Project("{2150E333-8FDC-42A3-9474-1A3956D46DE8}") = "Python Scripts", "Python Scripts", "{C8CEE694-9A69-47B4-8C38-CC65FC38D0F4}"
	ProjectSection(SolutionItems) = preProject
		GenerateData.py = GenerateData.py
	EndProjectSection
EndProject
Global
	GlobalSection(SolutionConfigurationPlatforms) = preSolution
		Debug|Any CPU = Debug|Any CPU
		Release|Any CPU = Release|Any CPU
	EndGlobalSection
	GlobalSection(ProjectConfigurationPlatforms) = postSolution
		{DB995FAB-308C-45A8-BFBC-18C3DAE93DD5}.Debug|Any CPU.ActiveCfg = Debug|Any CPU
		{DB995FAB-308C-45A8-BFBC-18C3DAE93DD5}.Debug|Any CPU.Build.0 = Debug|Any CPU
		{DB995FAB-308C-45A8-BFBC-18C3DAE93DD5}.Release|Any CPU.ActiveCfg = Release|Any CPU
		{DB995FAB-308C-45A8-BFBC-18C3DAE93DD5}.Release|Any CPU.Build.0 = Release|Any CPU
		{2BF5109A-0D33-4A2F-874E-5772E6B9CED0}.Debug|Any CPU.ActiveCfg = Debug|Any CPU
		{2BF5109A-0D33-4A2F-874E-5772E6B9CED0}.Debug|Any CPU.Build.0 = Debug|Any CPU
		{2BF5109A-0D33-4A2F-874E-5772E6B9CED0}.Release|Any CPU.ActiveCfg = Release|Any CPU
		{2BF5109A-0D33-4A2F-874E-5772E6B9CED0}.Release|Any CPU.Build.0 = Release|Any CPU
	EndGlobalSection
	GlobalSection(SolutionProperties) = preSolution
		HideSolutionNode = FALSE
	EndGlobalSection
EndGlobal
